
Microsoft Visual Studio Solution File, Format Version 12.00
# Visual Studio Version 17
VisualStudioVersion = 17.0.32014.148
MinimumVisualStudioVersion = 10.0.40219.1
Project("{FAE04EC0-301F-11D3-BF4B-00C04F79EFBC}") = "DatabaseTest", "DatabaseTest\DatabaseTest.csproj", "{27263A2D-B688-40C3-86F7-5CAD447FF35A}"
EndProject
Global
	GlobalSection(SolutionConfigurationPlatforms) = preSolution
		Debug|Any CPU = Debug|Any CPU
		Release|Any CPU = Release|Any CPU
	EndGlobalSection
	GlobalSection(ProjectConfigurationPlatforms) = postSolution
		{27263A2D-B688-40C3-86F7-5CAD447FF35A}.Debug|Any CPU.ActiveCfg = Debug|Any CPU
		{27263A2D-B688-40C3-86F7-5CAD447FF35A}.Debug|Any CPU.Build.0 = Debug|Any CPU
		{27263A2D-B688-40C3-86F7-5CAD447FF35A}.Release|Any CPU.ActiveCfg = Release|Any CPU
		{27263A2D-B688-40C3-86F7-5CAD447FF35A}.Release|Any CPU.Build.0 = Release|Any CPU
	EndGlobalSection
	GlobalSection(SolutionProperties) = preSolution
		HideSolutionNode = FALSE
	EndGlobalSection
	GlobalSection(ExtensibilityGlobals) = postSolution
		SolutionGuid = {ED592EF1-725B-4C37-9528-484D6710B98C}
	EndGlobalSection
EndGlobal
